// !$*UTF8*$!
{
	archiveVersion = 1;
	classes = {
	};
	objectVersion = 56;
	objects = {

/* Begin PBXBuildFile section */
		0B477C392A4CB73A00501C7E /* AppDelegate.swift in Sources */ = {isa = PBXBuildFile; fileRef = 0B477C382A4CB73A00501C7E /* AppDelegate.swift */; };
		0B477C3B2A4CB73A00501C7E /* SceneDelegate.swift in Sources */ = {isa = PBXBuildFile; fileRef = 0B477C3A2A4CB73A00501C7E /* SceneDelegate.swift */; };
		0B477C3D2A4CB73A00501C7E /* ViewController.swift in Sources */ = {isa = PBXBuildFile; fileRef = 0B477C3C2A4CB73A00501C7E /* ViewController.swift */; };
		0B477C402A4CB73A00501C7E /* Main.storyboard in Resources */ = {isa = PBXBuildFile; fileRef = 0B477C3E2A4CB73A00501C7E /* Main.storyboard */; };
		0B477C422A4CB73B00501C7E /* Assets.xcassets in Resources */ = {isa = PBXBuildFile; fileRef = 0B477C412A4CB73B00501C7E /* Assets.xcassets */; };
		0B477C452A4CB73B00501C7E /* LaunchScreen.storyboard in Resources */ = {isa = PBXBuildFile; fileRef = 0B477C432A4CB73B00501C7E /* LaunchScreen.storyboard */; };
		0BC8401E2A4DDC5B0071277C /* APIServices.swift in Sources */ = {isa = PBXBuildFile; fileRef = 0BC8401D2A4DDC5B0071277C /* APIServices.swift */; };
		0BC840202A4DDC670071277C /* DataModel.swift in Sources */ = {isa = PBXBuildFile; fileRef = 0BC8401F2A4DDC670071277C /* DataModel.swift */; };
		0BC840232A4E03090071277C /* FacilityTableViewCell.swift in Sources */ = {isa = PBXBuildFile; fileRef = 0BC840212A4E03090071277C /* FacilityTableViewCell.swift */; };
		0BC840242A4E03090071277C /* FacilityTableViewCell.xib in Resources */ = {isa = PBXBuildFile; fileRef = 0BC840222A4E03090071277C /* FacilityTableViewCell.xib */; };
		0BC840272A4E09370071277C /* OptionsCollectionViewCell.swift in Sources */ = {isa = PBXBuildFile; fileRef = 0BC840252A4E09370071277C /* OptionsCollectionViewCell.swift */; };
		0BC840282A4E09370071277C /* OptionsCollectionViewCell.xib in Resources */ = {isa = PBXBuildFile; fileRef = 0BC840262A4E09370071277C /* OptionsCollectionViewCell.xib */; };
		FA39FDB5DCEA577D25EA5356 /* Pods_RadiusAssignment.framework in Frameworks */ = {isa = PBXBuildFile; fileRef = 9A36CE057F414334BB4A95C0 /* Pods_RadiusAssignment.framework */; };
/* End PBXBuildFile section */

/* Begin PBXFileReference section */
		0B477C352A4CB73A00501C7E /* RadiusAssignment.app */ = {isa = PBXFileReference; explicitFileType = wrapper.application; includeInIndex = 0; path = RadiusAssignment.app; sourceTree = BUILT_PRODUCTS_DIR; };
		0B477C382A4CB73A00501C7E /* AppDelegate.swift */ = {isa = PBXFileReference; lastKnownFileType = sourcecode.swift; path = AppDelegate.swift; sourceTree = "<group>"; };
		0B477C3A2A4CB73A00501C7E /* SceneDelegate.swift */ = {isa = PBXFileReference; lastKnownFileType = sourcecode.swift; path = SceneDelegate.swift; sourceTree = "<group>"; };
		0B477C3C2A4CB73A00501C7E /* ViewController.swift */ = {isa = PBXFileReference; lastKnownFileType = sourcecode.swift; path = ViewController.swift; sourceTree = "<group>"; };
		0B477C3F2A4CB73A00501C7E /* Base */ = {isa = PBXFileReference; lastKnownFileType = file.storyboard; name = Base; path = Base.lproj/Main.storyboard; sourceTree = "<group>"; };
		0B477C412A4CB73B00501C7E /* Assets.xcassets */ = {isa = PBXFileReference; lastKnownFileType = folder.assetcatalog; path = Assets.xcassets; sourceTree = "<group>"; };
		0B477C442A4CB73B00501C7E /* Base */ = {isa = PBXFileReference; lastKnownFileType = file.storyboard; name = Base; path = Base.lproj/LaunchScreen.storyboard; sourceTree = "<group>"; };
		0B477C462A4CB73B00501C7E /* Info.plist */ = {isa = PBXFileReference; lastKnownFileType = text.plist.xml; path = Info.plist; sourceTree = "<group>"; };
		0BC8401D2A4DDC5B0071277C /* APIServices.swift */ = {isa = PBXFileReference; lastKnownFileType = sourcecode.swift; path = APIServices.swift; sourceTree = "<group>"; };
		0BC8401F2A4DDC670071277C /* DataModel.swift */ = {isa = PBXFileReference; lastKnownFileType = sourcecode.swift; path = DataModel.swift; sourceTree = "<group>"; };
		0BC840212A4E03090071277C /* FacilityTableViewCell.swift */ = {isa = PBXFileReference; lastKnownFileType = sourcecode.swift; path = FacilityTableViewCell.swift; sourceTree = "<group>"; };
		0BC840222A4E03090071277C /* FacilityTableViewCell.xib */ = {isa = PBXFileReference; lastKnownFileType = file.xib; path = FacilityTableViewCell.xib; sourceTree = "<group>"; };
		0BC840252A4E09370071277C /* OptionsCollectionViewCell.swift */ = {isa = PBXFileReference; lastKnownFileType = sourcecode.swift; path = OptionsCollectionViewCell.swift; sourceTree = "<group>"; };
		0BC840262A4E09370071277C /* OptionsCollectionViewCell.xib */ = {isa = PBXFileReference; lastKnownFileType = file.xib; path = OptionsCollectionViewCell.xib; sourceTree = "<group>"; };
		441F444D0A66AD5BBFDAD389 /* Pods-RadiusAssignment.debug.xcconfig */ = {isa = PBXFileReference; includeInIndex = 1; lastKnownFileType = text.xcconfig; name = "Pods-RadiusAssignment.debug.xcconfig"; path = "Target Support Files/Pods-RadiusAssignment/Pods-RadiusAssignment.debug.xcconfig"; sourceTree = "<group>"; };
		9A36CE057F414334BB4A95C0 /* Pods_RadiusAssignment.framework */ = {isa = PBXFileReference; explicitFileType = wrapper.framework; includeInIndex = 0; path = Pods_RadiusAssignment.framework; sourceTree = BUILT_PRODUCTS_DIR; };
		DB47B8EABF03E4962EA422F4 /* Pods-RadiusAssignment.release.xcconfig */ = {isa = PBXFileReference; includeInIndex = 1; lastKnownFileType = text.xcconfig; name = "Pods-RadiusAssignment.release.xcconfig"; path = "Target Support Files/Pods-RadiusAssignment/Pods-RadiusAssignment.release.xcconfig"; sourceTree = "<group>"; };
/* End PBXFileReference section */

/* Begin PBXFrameworksBuildPhase section */
		0B477C322A4CB73A00501C7E /* Frameworks */ = {
			isa = PBXFrameworksBuildPhase;
			buildActionMask = 2147483647;
			files = (
				FA39FDB5DCEA577D25EA5356 /* Pods_RadiusAssignment.framework in Frameworks */,
			);
			runOnlyForDeploymentPostprocessing = 0;
		};
/* End PBXFrameworksBuildPhase section */

/* Begin PBXGroup section */
		0B477C2C2A4CB73A00501C7E = {
			isa = PBXGroup;
			children = (
				0B477C372A4CB73A00501C7E /* RadiusAssignment */,
				0B477C362A4CB73A00501C7E /* Products */,
				B6791ABBD314955460399491 /* Pods */,
				0DF4EEB75D6E5C613A8D9300 /* Frameworks */,
			);
			sourceTree = "<group>";
		};
		0B477C362A4CB73A00501C7E /* Products */ = {
			isa = PBXGroup;
			children = (
				0B477C352A4CB73A00501C7E /* RadiusAssignment.app */,
			);
			name = Products;
			sourceTree = "<group>";
		};
		0B477C372A4CB73A00501C7E /* RadiusAssignment */ = {
			isa = PBXGroup;
			children = (
				0BC8401C2A4DD9A50071277C /* Common */,
				0BC8401B2A4DD9980071277C /* Controller */,
				0BC8401A2A4DD9900071277C /* View */,
				0BC840192A4DD9840071277C /* Model */,
				0BC840182A4DD95D0071277C /* APIService */,
				0B477C3E2A4CB73A00501C7E /* Main.storyboard */,
				0B477C412A4CB73B00501C7E /* Assets.xcassets */,
				0B477C432A4CB73B00501C7E /* LaunchScreen.storyboard */,
				0B477C462A4CB73B00501C7E /* Info.plist */,
			);
			path = RadiusAssignment;
			sourceTree = "<group>";
		};
		0BC840182A4DD95D0071277C /* APIService */ = {
			isa = PBXGroup;
			children = (
				0BC8401D2A4DDC5B0071277C /* APIServices.swift */,
			);
			path = APIService;
			sourceTree = "<group>";
		};
		0BC840192A4DD9840071277C /* Model */ = {
			isa = PBXGroup;
			children = (
				0BC8401F2A4DDC670071277C /* DataModel.swift */,
			);
			path = Model;
			sourceTree = "<group>";
		};
		0BC8401A2A4DD9900071277C /* View */ = {
			isa = PBXGroup;
			children = (
				0BC840212A4E03090071277C /* FacilityTableViewCell.swift */,
				0BC840222A4E03090071277C /* FacilityTableViewCell.xib */,
				0BC840252A4E09370071277C /* OptionsCollectionViewCell.swift */,
				0BC840262A4E09370071277C /* OptionsCollectionViewCell.xib */,
			);
			path = View;
			sourceTree = "<group>";
		};
		0BC8401B2A4DD9980071277C /* Controller */ = {
			isa = PBXGroup;
			children = (
				0B477C3C2A4CB73A00501C7E /* ViewController.swift */,
			);
			path = Controller;
			sourceTree = "<group>";
		};
		0BC8401C2A4DD9A50071277C /* Common */ = {
			isa = PBXGroup;
			children = (
				0B477C382A4CB73A00501C7E /* AppDelegate.swift */,
				0B477C3A2A4CB73A00501C7E /* SceneDelegate.swift */,
			);
			path = Common;
			sourceTree = "<group>";
		};
		0DF4EEB75D6E5C613A8D9300 /* Frameworks */ = {
			isa = PBXGroup;
			children = (
				9A36CE057F414334BB4A95C0 /* Pods_RadiusAssignment.framework */,
			);
			name = Frameworks;
			sourceTree = "<group>";
		};
		B6791ABBD314955460399491 /* Pods */ = {
			isa = PBXGroup;
			children = (
				441F444D0A66AD5BBFDAD389 /* Pods-RadiusAssignment.debug.xcconfig */,
				DB47B8EABF03E4962EA422F4 /* Pods-RadiusAssignment.release.xcconfig */,
			);
			path = Pods;
			sourceTree = "<group>";
		};
/* End PBXGroup section */

/* Begin PBXNativeTarget section */
		0B477C342A4CB73A00501C7E /* RadiusAssignment */ = {
			isa = PBXNativeTarget;
			buildConfigurationList = 0B477C492A4CB73B00501C7E /* Build configuration list for PBXNativeTarget "RadiusAssignment" */;
			buildPhases = (
				CB19084D250A6CDF6671B2BC /* [CP] Check Pods Manifest.lock */,
				0B477C312A4CB73A00501C7E /* Sources */,
				0B477C322A4CB73A00501C7E /* Frameworks */,
				0B477C332A4CB73A00501C7E /* Resources */,
			);
			buildRules = (
			);
			dependencies = (
			);
			name = RadiusAssignment;
			productName = RadiusAssignment;
			productReference = 0B477C352A4CB73A00501C7E /* RadiusAssignment.app */;
			productType = "com.apple.product-type.application";
		};
/* End PBXNativeTarget section */

/* Begin PBXProject section */
		0B477C2D2A4CB73A00501C7E /* Project object */ = {
			isa = PBXProject;
			attributes = {
				BuildIndependentTargetsInParallel = 1;
				LastSwiftUpdateCheck = 1430;
				LastUpgradeCheck = 1430;
				TargetAttributes = {
					0B477C342A4CB73A00501C7E = {
						CreatedOnToolsVersion = 14.3;
					};
				};
			};
			buildConfigurationList = 0B477C302A4CB73A00501C7E /* Build configuration list for PBXProject "RadiusAssignment" */;
			compatibilityVersion = "Xcode 14.0";
			developmentRegion = en;
			hasScannedForEncodings = 0;
			knownRegions = (
				en,
				Base,
			);
			mainGroup = 0B477C2C2A4CB73A00501C7E;
			productRefGroup = 0B477C362A4CB73A00501C7E /* Products */;
			projectDirPath = "";
			projectRoot = "";
			targets = (
				0B477C342A4CB73A00501C7E /* RadiusAssignment */,
			);
		};
/* End PBXProject section */

/* Begin PBXResourcesBuildPhase section */
		0B477C332A4CB73A00501C7E /* Resources */ = {
			isa = PBXResourcesBuildPhase;
			buildActionMask = 2147483647;
			files = (
				0B477C452A4CB73B00501C7E /* LaunchScreen.storyboard in Resources */,
				0BC840282A4E09370071277C /* OptionsCollectionViewCell.xib in Resources */,
				0B477C422A4CB73B00501C7E /* Assets.xcassets in Resources */,
				0BC840242A4E03090071277C /* FacilityTableViewCell.xib in Resources */,
				0B477C402A4CB73A00501C7E /* Main.storyboard in Resources */,
			);
			runOnlyForDeploymentPostprocessing = 0;
		};
/* End PBXResourcesBuildPhase section */

/* Begin PBXShellScriptBuildPhase section */
		CB19084D250A6CDF6671B2BC /* [CP] Check Pods Manifest.lock */ = {
			isa = PBXShellScriptBuildPhase;
			buildActionMask = 2147483647;
			files = (
			);
			inputFileListPaths = (
			);
			inputPaths = (
				"${PODS_PODFILE_DIR_PATH}/Podfile.lock",
				"${PODS_ROOT}/Manifest.lock",
			);
			name = "[CP] Check Pods Manifest.lock";
			outputFileListPaths = (
			);
			outputPaths = (
				"$(DERIVED_FILE_DIR)/Pods-RadiusAssignment-checkManifestLockResult.txt",
			);
			runOnlyForDeploymentPostprocessing = 0;
			shellPath = /bin/sh;
			shellScript = "diff \"${PODS_PODFILE_DIR_PATH}/Podfile.lock\" \"${PODS_ROOT}/Manifest.lock\" > /dev/null\nif [ $? != 0 ] ; then\n    # print error to STDERR\n    echo \"error: The sandbox is not in sync with the Podfile.lock. Run 'pod install' or update your CocoaPods installation.\" >&2\n    exit 1\nfi\n# This output is used by Xcode 'outputs' to avoid re-running this script phase.\necho \"SUCCESS\" > \"${SCRIPT_OUTPUT_FILE_0}\"\n";
			showEnvVarsInLog = 0;
		};
/* End PBXShellScriptBuildPhase section */

/* Begin PBXSourcesBuildPhase section */
		0B477C312A4CB73A00501C7E /* Sources */ = {
			isa = PBXSourcesBuildPhase;
			buildActionMask = 2147483647;
			files = (
				0BC840232A4E03090071277C /* FacilityTableViewCell.swift in Sources */,
				0BC840272A4E09370071277C /* OptionsCollectionViewCell.swift in Sources */,
				0BC840202A4DDC670071277C /* DataModel.swift in Sources */,
				0B477C3D2A4CB73A00501C7E /* ViewController.swift in Sources */,
				0B477C392A4CB73A00501C7E /* AppDelegate.swift in Sources */,
				0BC8401E2A4DDC5B0071277C /* APIServices.swift in Sources */,
				0B477C3B2A4CB73A00501C7E /* SceneDelegate.swift in Sources */,
			);
			runOnlyForDeploymentPostprocessing = 0;
		};
/* End PBXSourcesBuildPhase section */

/* Begin PBXVariantGroup section */
		0B477C3E2A4CB73A00501C7E /* Main.storyboard */ = {
			isa = PBXVariantGroup;
			children = (
				0B477C3F2A4CB73A00501C7E /* Base */,
			);
			name = Main.storyboard;
			sourceTree = "<group>";
		};
		0B477C432A4CB73B00501C7E /* LaunchScreen.storyboard */ = {
			isa = PBXVariantGroup;
			children = (
				0B477C442A4CB73B00501C7E /* Base */,
			);
			name = LaunchScreen.storyboard;
			sourceTree = "<group>";
		};
/* End PBXVariantGroup section */

/* Begin XCBuildConfiguration section */
		0B477C472A4CB73B00501C7E /* Debug */ = {
			isa = XCBuildConfiguration;
			buildSettings = {
				ALWAYS_SEARCH_USER_PATHS = NO;
				CLANG_ANALYZER_NONNULL = YES;
				CLANG_ANALYZER_NUMBER_OBJECT_CONVERSION = YES_AGGRESSIVE;
				CLANG_CXX_LANGUAGE_STANDARD = "gnu++20";
				CLANG_ENABLE_MODULES = YES;
				CLANG_ENABLE_OBJC_ARC = YES;
				CLANG_ENABLE_OBJC_WEAK = YES;
				CLANG_WARN_BLOCK_CAPTURE_AUTORELEASING = YES;
				CLANG_WARN_BOOL_CONVERSION = YES;
				CLANG_WARN_COMMA = YES;
				CLANG_WARN_CONSTANT_CONVERSION = YES;
				CLANG_WARN_DEPRECATED_OBJC_IMPLEMENTATIONS = YES;
				CLANG_WARN_DIRECT_OBJC_ISA_USAGE = YES_ERROR;
				CLANG_WARN_DOCUMENTATION_COMMENTS = YES;
				CLANG_WARN_EMPTY_BODY = YES;
				CLANG_WARN_ENUM_CONVERSION = YES;
				CLANG_WARN_INFINITE_RECURSION = YES;
				CLANG_WARN_INT_CONVERSION = YES;
				CLANG_WARN_NON_LITERAL_NULL_CONVERSION = YES;
				CLANG_WARN_OBJC_IMPLICIT_RETAIN_SELF = YES;
				CLANG_WARN_OBJC_LITERAL_CONVERSION = YES;
				CLANG_WARN_OBJC_ROOT_CLASS = YES_ERROR;
				CLANG_WARN_QUOTED_INCLUDE_IN_FRAMEWORK_HEADER = YES;
				CLANG_WARN_RANGE_LOOP_ANALYSIS = YES;
				CLANG_WARN_STRICT_PROTOTYPES = YES;
				CLANG_WARN_SUSPICIOUS_MOVE = YES;
				CLANG_WARN_UNGUARDED_AVAILABILITY = YES_AGGRESSIVE;
				CLANG_WARN_UNREACHABLE_CODE = YES;
				CLANG_WARN__DUPLICATE_METHOD_MATCH = YES;
				COPY_PHASE_STRIP = NO;
				DEBUG_INFORMATION_FORMAT = dwarf;
				ENABLE_STRICT_OBJC_MSGSEND = YES;
				ENABLE_TESTABILITY = YES;
				GCC_C_LANGUAGE_STANDARD = gnu11;
				GCC_DYNAMIC_NO_PIC = NO;
				GCC_NO_COMMON_BLOCKS = YES;
				GCC_OPTIMIZATION_LEVEL = 0;
				GCC_PREPROCESSOR_DEFINITIONS = (
					"DEBUG=1",
					"$(inherited)",
				);
				GCC_WARN_64_TO_32_BIT_CONVERSION = YES;
				GCC_WARN_ABOUT_RETURN_TYPE = YES_ERROR;
				GCC_WARN_UNDECLARED_SELECTOR = YES;
				GCC_WARN_UNINITIALIZED_AUTOS = YES_AGGRESSIVE;
				GCC_WARN_UNUSED_FUNCTION = YES;
				GCC_WARN_UNUSED_VARIABLE = YES;
				IPHONEOS_DEPLOYMENT_TARGET = 16.4;
				MTL_ENABLE_DEBUG_INFO = INCLUDE_SOURCE;
				MTL_FAST_MATH = YES;
				ONLY_ACTIVE_ARCH = YES;
				SDKROOT = iphoneos;
				SWIFT_ACTIVE_COMPILATION_CONDITIONS = DEBUG;
				SWIFT_OPTIMIZATION_LEVEL = "-Onone";
			};
			name = Debug;
		};
		0B477C482A4CB73B00501C7E /* Release */ = {
			isa = XCBuildConfiguration;
			buildSettings = {
				ALWAYS_SEARCH_USER_PATHS = NO;
				CLANG_ANALYZER_NONNULL = YES;
				CLANG_ANALYZER_NUMBER_OBJECT_CONVERSION = YES_AGGRESSIVE;
				CLANG_CXX_LANGUAGE_STANDARD = "gnu++20";
				CLANG_ENABLE_MODULES = YES;
				CLANG_ENABLE_OBJC_ARC = YES;
				CLANG_ENABLE_OBJC_WEAK = YES;
				CLANG_WARN_BLOCK_CAPTURE_AUTORELEASING = YES;
				CLANG_WARN_BOOL_CONVERSION = YES;
				CLANG_WARN_COMMA = YES;
				CLANG_WARN_CONSTANT_CONVERSION = YES;
				CLANG_WARN_DEPRECATED_OBJC_IMPLEMENTATIONS = YES;
				CLANG_WARN_DIRECT_OBJC_ISA_USAGE = YES_ERROR;
				CLANG_WARN_DOCUMENTATION_COMMENTS = YES;
				CLANG_WARN_EMPTY_BODY = YES;
				CLANG_WARN_ENUM_CONVERSION = YES;
				CLANG_WARN_INFINITE_RECURSION = YES;
				CLANG_WARN_INT_CONVERSION = YES;
				CLANG_WARN_NON_LITERAL_NULL_CONVERSION = YES;
				CLANG_WARN_OBJC_IMPLICIT_RETAIN_SELF = YES;
				CLANG_WARN_OBJC_LITERAL_CONVERSION = YES;
				CLANG_WARN_OBJC_ROOT_CLASS = YES_ERROR;
				CLANG_WARN_QUOTED_INCLUDE_IN_FRAMEWORK_HEADER = YES;
				CLANG_WARN_RANGE_LOOP_ANALYSIS = YES;
				CLANG_WARN_STRICT_PROTOTYPES = YES;
				CLANG_WARN_SUSPICIOUS_MOVE = YES;
				CLANG_WARN_UNGUARDED_AVAILABILITY = YES_AGGRESSIVE;
				CLANG_WARN_UNREACHABLE_CODE = YES;
				CLANG_WARN__DUPLICATE_METHOD_MATCH = YES;
				COPY_PHASE_STRIP = NO;
				DEBUG_INFORMATION_FORMAT = "dwarf-with-dsym";
				ENABLE_NS_ASSERTIONS = NO;
				ENABLE_STRICT_OBJC_MSGSEND = YES;
				GCC_C_LANGUAGE_STANDARD = gnu11;
				GCC_NO_COMMON_BLOCKS = YES;
				GCC_WARN_64_TO_32_BIT_CONVERSION = YES;
				GCC_WARN_ABOUT_RETURN_TYPE = YES_ERROR;
				GCC_WARN_UNDECLARED_SELECTOR = YES;
				GCC_WARN_UNINITIALIZED_AUTOS = YES_AGGRESSIVE;
				GCC_WARN_UNUSED_FUNCTION = YES;
				GCC_WARN_UNUSED_VARIABLE = YES;
				IPHONEOS_DEPLOYMENT_TARGET = 16.4;
				MTL_ENABLE_DEBUG_INFO = NO;
				MTL_FAST_MATH = YES;
				SDKROOT = iphoneos;
				SWIFT_COMPILATION_MODE = wholemodule;
				SWIFT_OPTIMIZATION_LEVEL = "-O";
				VALIDATE_PRODUCT = YES;
			};
			name = Release;
		};
		0B477C4A2A4CB73B00501C7E /* Debug */ = {
			isa = XCBuildConfiguration;
			baseConfigurationReference = 441F444D0A66AD5BBFDAD389 /* Pods-RadiusAssignment.debug.xcconfig */;
			buildSettings = {
				ASSETCATALOG_COMPILER_APPICON_NAME = AppIcon;
				ASSETCATALOG_COMPILER_GLOBAL_ACCENT_COLOR_NAME = AccentColor;
				CODE_SIGN_STYLE = Automatic;
				CURRENT_PROJECT_VERSION = 1;
				GENERATE_INFOPLIST_FILE = YES;
				INFOPLIST_FILE = RadiusAssignment/Info.plist;
				INFOPLIST_KEY_UIApplicationSupportsIndirectInputEvents = YES;
				INFOPLIST_KEY_UILaunchStoryboardName = LaunchScreen;
				INFOPLIST_KEY_UIMainStoryboardFile = Main;
				INFOPLIST_KEY_UISupportedInterfaceOrientations_iPad = "UIInterfaceOrientationPortrait UIInterfaceOrientationPortraitUpsideDown UIInterfaceOrientationLandscapeLeft UIInterfaceOrientationLandscapeRight";
				INFOPLIST_KEY_UISupportedInterfaceOrientations_iPhone = "UIInterfaceOrientationPortrait UIInterfaceOrientationLandscapeLeft UIInterfaceOrientationLandscapeRight";
				LD_RUNPATH_SEARCH_PATHS = (
					"$(inherited)",
					"@executable_path/Frameworks",
				);
				MARKETING_VERSION = 1.0;
				PRODUCT_BUNDLE_IDENTIFIER = com.property.RadiusAssignment;
				PRODUCT_NAME = "$(TARGET_NAME)";
				SWIFT_EMIT_LOC_STRINGS = YES;
				SWIFT_VERSION = 5.0;
				TARGETED_DEVICE_FAMILY = "1,2";
			};
			name = Debug;
		};
		0B477C4B2A4CB73B00501C7E /* Release */ = {
			isa = XCBuildConfiguration;
			baseConfigurationReference = DB47B8EABF03E4962EA422F4 /* Pods-RadiusAssignment.release.xcconfig */;
			buildSettings = {
				ASSETCATALOG_COMPILER_APPICON_NAME = AppIcon;
				ASSETCATALOG_COMPILER_GLOBAL_ACCENT_COLOR_NAME = AccentColor;
				CODE_SIGN_STYLE = Automatic;
				CURRENT_PROJECT_VERSION = 1;
				GENERATE_INFOPLIST_FILE = YES;
				INFOPLIST_FILE = RadiusAssignment/Info.plist;
				INFOPLIST_KEY_UIApplicationSupportsIndirectInputEvents = YES;
				INFOPLIST_KEY_UILaunchStoryboardName = LaunchScreen;
				INFOPLIST_KEY_UIMainStoryboardFile = Main;
				INFOPLIST_KEY_UISupportedInterfaceOrientations_iPad = "UIInterfaceOrientationPortrait UIInterfaceOrientationPortraitUpsideDown UIInterfaceOrientationLandscapeLeft UIInterfaceOrientationLandscapeRight";
				INFOPLIST_KEY_UISupportedInterfaceOrientations_iPhone = "UIInterfaceOrientationPortrait UIInterfaceOrientationLandscapeLeft UIInterfaceOrientationLandscapeRight";
				LD_RUNPATH_SEARCH_PATHS = (
					"$(inherited)",
					"@executable_path/Frameworks",
				);
				MARKETING_VERSION = 1.0;
				PRODUCT_BUNDLE_IDENTIFIER = com.property.RadiusAssignment;
				PRODUCT_NAME = "$(TARGET_NAME)";
				SWIFT_EMIT_LOC_STRINGS = YES;
				SWIFT_VERSION = 5.0;
				TARGETED_DEVICE_FAMILY = "1,2";
			};
			name = Release;
		};
/* End XCBuildConfiguration section */

/* Begin XCConfigurationList section */
		0B477C302A4CB73A00501C7E /* Build configuration list for PBXProject "RadiusAssignment" */ = {
			isa = XCConfigurationList;
			buildConfigurations = (
				0B477C472A4CB73B00501C7E /* Debug */,
				0B477C482A4CB73B00501C7E /* Release */,
			);
			defaultConfigurationIsVisible = 0;
			defaultConfigurationName = Release;
		};
		0B477C492A4CB73B00501C7E /* Build configuration list for PBXNativeTarget "RadiusAssignment" */ = {
			isa = XCConfigurationList;
			buildConfigurations = (
				0B477C4A2A4CB73B00501C7E /* Debug */,
				0B477C4B2A4CB73B00501C7E /* Release */,
			);
			defaultConfigurationIsVisible = 0;
			defaultConfigurationName = Release;
		};
/* End XCConfigurationList section */
	};
	rootObject = 0B477C2D2A4CB73A00501C7E /* Project object */;
}
